<?xml version="1.0" encoding="utf-8"?>
<Project ToolsVersion="4.0" xmlns="http://schemas.microsoft.com/developer/msbuild/2003">
  <ItemGroup>
    <Filter Include="源文件">
      <UniqueIdentifier>{4FC737F1-C7A5-4376-A066-2A32D752A2FF}</UniqueIdentifier>
      <Extensions>cpp;c;cc;cxx;def;odl;idl;hpj;bat;asm;asmx</Extensions>
    </Filter>
    <Filter Include="头文件">
      <UniqueIdentifier>{93995380-89BD-4b04-88EB-625FBE52EBFB}</UniqueIdentifier>
      <Extensions>h;hh;hpp;hxx;hm;inl;inc;xsd</Extensions>
    </Filter>
    <Filter Include="资源文件">
      <UniqueIdentifier>{67DA6AB6-F800-4c08-8B7A-83BB121AAD01}</UniqueIdentifier>
      <Extensions>rc;ico;cur;bmp;dlg;rc2;rct;bin;rgs;gif;jpg;jpeg;jpe;resx;tiff;tif;png;wav;mfcribbon-ms</Extensions>
    </Filter>
    <Filter Include="源文件\common">
      <UniqueIdentifier>{711b1051-3367-4e12-b14a-c66942e70053}</UniqueIdentifier>
    </Filter>
    <Filter Include="头文件\common">
      <UniqueIdentifier>{c94476e3-9230-4d1b-843b-cabce3eed7ef}</UniqueIdentifier>
    </Filter>
    <Filter Include="源文件\model">
      <UniqueIdentifier>{7e6fe57c-045a-401a-84c8-6e2b7d5c40c5}</UniqueIdentifier>
    </Filter>
    <Filter Include="头文件\model">
      <UniqueIdentifier>{a8df8e0f-5f65-479a-9692-375bbb620975}</UniqueIdentifier>
    </Filter>
    <Filter Include="shader">
      <UniqueIdentifier>{c57c9496-c955-42fb-a804-24882916d5cf}</UniqueIdentifier>
    </Filter>
  </ItemGroup>
  <ItemGroup>
    <ClCompile Include="main.cpp">
      <Filter>源文件</Filter>
    </ClCompile>
    <ClCompile Include="model.cpp">
      <Filter>源文件\common</Filter>
    </ClCompile>
    <ClCompile Include="glad.c">
      <Filter>源文件\common</Filter>
    </ClCompile>
    <ClCompile Include="camera.cpp">
      <Filter>源文件\common</Filter>
    </ClCompile>
    <ClCompile Include="shader.cpp">
      <Filter>源文件\common</Filter>
    </ClCompile>
    <ClCompile Include="function.cpp">
      <Filter>源文件\common</Filter>
    </ClCompile>
    <ClCompile Include="stb_image.cpp">
      <Filter>源文件\common</Filter>
    </ClCompile>
    <ClCompile Include="stb_image_write.cpp">
      <Filter>源文件\common</Filter>
    </ClCompile>
    <ClCompile Include="meshModel.cpp">
      <Filter>源文件\model</Filter>
    </ClCompile>
    <ClCompile Include="data.cpp">
      <Filter>源文件</Filter>
    </ClCompile>
  </ItemGroup>
  <ItemGroup>
    <ClInclude Include="glControl.h">
      <Filter>头文件</Filter>
    </ClInclude>
    <ClInclude Include="shader.h">
      <Filter>头文件\common</Filter>
    </ClInclude>
    <ClInclude Include="model.h">
      <Filter>头文件\common</Filter>
    </ClInclude>
    <ClInclude Include="camera.h">
      <Filter>头文件\common</Filter>
    </ClInclude>
    <ClInclude Include="function.h">
      <Filter>头文件\common</Filter>
    </ClInclude>
    <ClInclude Include="meshModel.h">
      <Filter>头文件\model</Filter>
    </ClInclude>
  </ItemGroup>
  <ItemGroup>
    <None Include="shader\diffuse.fs">
      <Filter>shader</Filter>
    </None>
    <None Include="shader\diffuse.vs">
      <Filter>shader</Filter>
    </None>
  </ItemGroup>
</Project>